
Microsoft Visual Studio Solution File, Format Version 12.00
# Visual Studio 15
VisualStudioVersion = 15.0.28010.2036
MinimumVisualStudioVersion = 10.0.40219.1
Project("{9A19103F-16F7-4668-BE54-9A1E7A4F7556}") = "Shipping.Contracts", "ShippingNSB\Shipping.Contracts\Shipping.Contracts.csproj", "{14CC5DD1-2779-4983-95D4-31AF3688DD7A}"
EndProject
Project("{9A19103F-16F7-4668-BE54-9A1E7A4F7556}") = "Shipping.EndPoint", "ShippingNSB\Shipping.EndPoint\Shipping.EndPoint.csproj", "{949F2870-B921-45FE-A8E1-181FC2655569}"
EndProject
Project("{9A19103F-16F7-4668-BE54-9A1E7A4F7556}") = "Billing.Contracts", "ShippingNSB\Billing.Contracts\Billing.Contracts.csproj", "{80626AA0-55A4-4A4A-A7ED-EA04950152E0}"
EndProject
Project("{9A19103F-16F7-4668-BE54-9A1E7A4F7556}") = "Sales.Contracts", "ShippingNSB\Sales.Contracts\Sales.Contracts.csproj", "{61F08E5D-EAAB-4E9B-B576-5BEACE73EF3A}"
EndProject
Global
	GlobalSection(SolutionConfigurationPlatforms) = preSolution
		Debug|Any CPU = Debug|Any CPU
		Release|Any CPU = Release|Any CPU
	EndGlobalSection
	GlobalSection(ProjectConfigurationPlatforms) = postSolution
		{14CC5DD1-2779-4983-95D4-31AF3688DD7A}.Debug|Any CPU.ActiveCfg = Debug|Any CPU
		{14CC5DD1-2779-4983-95D4-31AF3688DD7A}.Debug|Any CPU.Build.0 = Debug|Any CPU
		{14CC5DD1-2779-4983-95D4-31AF3688DD7A}.Release|Any CPU.ActiveCfg = Release|Any CPU
		{14CC5DD1-2779-4983-95D4-31AF3688DD7A}.Release|Any CPU.Build.0 = Release|Any CPU
		{949F2870-B921-45FE-A8E1-181FC2655569}.Debug|Any CPU.ActiveCfg = Debug|Any CPU
		{949F2870-B921-45FE-A8E1-181FC2655569}.Debug|Any CPU.Build.0 = Debug|Any CPU
		{949F2870-B921-45FE-A8E1-181FC2655569}.Release|Any CPU.ActiveCfg = Release|Any CPU
		{949F2870-B921-45FE-A8E1-181FC2655569}.Release|Any CPU.Build.0 = Release|Any CPU
		{80626AA0-55A4-4A4A-A7ED-EA04950152E0}.Debug|Any CPU.ActiveCfg = Debug|Any CPU
		{80626AA0-55A4-4A4A-A7ED-EA04950152E0}.Debug|Any CPU.Build.0 = Debug|Any CPU
		{80626AA0-55A4-4A4A-A7ED-EA04950152E0}.Release|Any CPU.ActiveCfg = Release|Any CPU
		{80626AA0-55A4-4A4A-A7ED-EA04950152E0}.Release|Any CPU.Build.0 = Release|Any CPU
		{61F08E5D-EAAB-4E9B-B576-5BEACE73EF3A}.Debug|Any CPU.ActiveCfg = Debug|Any CPU
		{61F08E5D-EAAB-4E9B-B576-5BEACE73EF3A}.Debug|Any CPU.Build.0 = Debug|Any CPU
		{61F08E5D-EAAB-4E9B-B576-5BEACE73EF3A}.Release|Any CPU.ActiveCfg = Release|Any CPU
		{61F08E5D-EAAB-4E9B-B576-5BEACE73EF3A}.Release|Any CPU.Build.0 = Release|Any CPU
	EndGlobalSection
	GlobalSection(SolutionProperties) = preSolution
		HideSolutionNode = FALSE
	EndGlobalSection
	GlobalSection(ExtensibilityGlobals) = postSolution
		SolutionGuid = {E3199350-FCC8-4478-97DE-E944AEA98937}
	EndGlobalSection
EndGlobal
